
Microsoft Visual Studio Solution File, Format Version 12.00
# Visual Studio Version 17
VisualStudioVersion = 17.14.37411.7 d17.14
MinimumVisualStudioVersion = 10.0.40219.1
Project("{FAE04EC0-301F-11D3-BF4B-00C04F79EFBC}") = "FlightReadinessEngine.Api", "FlightReadinessEngine.Api.csproj", "{84F1B6AB-C838-4669-B321-705D52CBE6ED}"
EndProject
Global
	GlobalSection(SolutionConfigurationPlatforms) = preSolution
		Debug|Any CPU = Debug|Any CPU
		Release|Any CPU = Release|Any CPU
	EndGlobalSection
	GlobalSection(ProjectConfigurationPlatforms) = postSolution
		{84F1B6AB-C838-4669-B321-705D52CBE6ED}.Debug|Any CPU.ActiveCfg = Debug|Any CPU
		{84F1B6AB-C838-4669-B321-705D52CBE6ED}.Debug|Any CPU.Build.0 = Debug|Any CPU
		{84F1B6AB-C838-4669-B321-705D52CBE6ED}.Release|Any CPU.ActiveCfg = Release|Any CPU
		{84F1B6AB-C838-4669-B321-705D52CBE6ED}.Release|Any CPU.Build.0 = Release|Any CPU
	EndGlobalSection
	GlobalSection(SolutionProperties) = preSolution
		HideSolutionNode = FALSE
	EndGlobalSection
	GlobalSection(ExtensibilityGlobals) = postSolution
		SolutionGuid = {C9EC7ED5-0CA3-488A-882B-B6BBFD9550A0}
	EndGlobalSection
EndGlobal
